
Microsoft Visual Studio Solution File, Format Version 12.00
# Visual Studio Version 17
VisualStudioVersion = 17.3.32929.385
MinimumVisualStudioVersion = 10.0.40219.1
Project("{2150E333-8FDC-42A3-9474-1A3956D46DE8}") = "src", "src", "{86198AEB-75D7-40C0-9D9F-387C7D251026}"
EndProject
Project("{2150E333-8FDC-42A3-9474-1A3956D46DE8}") = "ApiGateway", "ApiGateway", "{95AC7849-35AE-4919-8F97-7D7239691175}"
EndProject
Project("{2150E333-8FDC-42A3-9474-1A3956D46DE8}") = "Services", "Services", "{CAF3C795-8E4A-4773-9556-876DA38FA728}"
EndProject
Project("{2150E333-8FDC-42A3-9474-1A3956D46DE8}") = "WebApp", "WebApp", "{0778311C-AECF-414F-858C-83096E8ED802}"
EndProject
Project("{2150E333-8FDC-42A3-9474-1A3956D46DE8}") = "Common", "Common", "{BB59F80A-8560-4196-8949-1ACC0130C62F}"
EndProject
Project("{2150E333-8FDC-42A3-9474-1A3956D46DE8}") = "Order", "Order", "{A6F3237E-121F-49D3-90BF-28991D7006CF}"
EndProject
Project("{2150E333-8FDC-42A3-9474-1A3956D46DE8}") = "Products", "Products", "{99094C62-1EF6-4395-9E83-990BE2C60202}"
EndProject
Project("{2150E333-8FDC-42A3-9474-1A3956D46DE8}") = "Sourcing", "Sourcing", "{380E28E4-42EA-4EFC-8DD9-E2CFDC245709}"
EndProject
Project("{FAE04EC0-301F-11D3-BF4B-00C04F79EFBC}") = "ESourcing.Products", "ESourcing.Products\ESourcing.Products.csproj", "{BE9DF887-AF48-44D9-B299-835F213FBBB1}"
EndProject
Project("{E53339B2-1760-4266-BCC7-CA923CBCF16C}") = "docker-compose", "docker-compose.dcproj", "{821A44B8-18FE-4568-B129-5789329F7209}"
EndProject
Project("{FAE04EC0-301F-11D3-BF4B-00C04F79EFBC}") = "ESourcing.Sourcing", "ESourcing.Sourcing\ESourcing.Sourcing.csproj", "{DFCF9F89-740A-4878-B74A-5E500899DDFA}"
EndProject
Global
	GlobalSection(SolutionConfigurationPlatforms) = preSolution
		Debug|Any CPU = Debug|Any CPU
		Release|Any CPU = Release|Any CPU
	EndGlobalSection
	GlobalSection(ProjectConfigurationPlatforms) = postSolution
		{BE9DF887-AF48-44D9-B299-835F213FBBB1}.Debug|Any CPU.ActiveCfg = Debug|Any CPU
		{BE9DF887-AF48-44D9-B299-835F213FBBB1}.Debug|Any CPU.Build.0 = Debug|Any CPU
		{BE9DF887-AF48-44D9-B299-835F213FBBB1}.Release|Any CPU.ActiveCfg = Release|Any CPU
		{BE9DF887-AF48-44D9-B299-835F213FBBB1}.Release|Any CPU.Build.0 = Release|Any CPU
		{821A44B8-18FE-4568-B129-5789329F7209}.Debug|Any CPU.ActiveCfg = Debug|Any CPU
		{821A44B8-18FE-4568-B129-5789329F7209}.Debug|Any CPU.Build.0 = Debug|Any CPU
		{821A44B8-18FE-4568-B129-5789329F7209}.Release|Any CPU.ActiveCfg = Release|Any CPU
		{821A44B8-18FE-4568-B129-5789329F7209}.Release|Any CPU.Build.0 = Release|Any CPU
		{DFCF9F89-740A-4878-B74A-5E500899DDFA}.Debug|Any CPU.ActiveCfg = Debug|Any CPU
		{DFCF9F89-740A-4878-B74A-5E500899DDFA}.Debug|Any CPU.Build.0 = Debug|Any CPU
		{DFCF9F89-740A-4878-B74A-5E500899DDFA}.Release|Any CPU.ActiveCfg = Release|Any CPU
		{DFCF9F89-740A-4878-B74A-5E500899DDFA}.Release|Any CPU.Build.0 = Release|Any CPU
	EndGlobalSection
	GlobalSection(SolutionProperties) = preSolution
		HideSolutionNode = FALSE
	EndGlobalSection
	GlobalSection(NestedProjects) = preSolution
		{95AC7849-35AE-4919-8F97-7D7239691175} = {86198AEB-75D7-40C0-9D9F-387C7D251026}
		{CAF3C795-8E4A-4773-9556-876DA38FA728} = {86198AEB-75D7-40C0-9D9F-387C7D251026}
		{0778311C-AECF-414F-858C-83096E8ED802} = {86198AEB-75D7-40C0-9D9F-387C7D251026}
		{BB59F80A-8560-4196-8949-1ACC0130C62F} = {CAF3C795-8E4A-4773-9556-876DA38FA728}
		{A6F3237E-121F-49D3-90BF-28991D7006CF} = {CAF3C795-8E4A-4773-9556-876DA38FA728}
		{99094C62-1EF6-4395-9E83-990BE2C60202} = {CAF3C795-8E4A-4773-9556-876DA38FA728}
		{380E28E4-42EA-4EFC-8DD9-E2CFDC245709} = {CAF3C795-8E4A-4773-9556-876DA38FA728}
		{BE9DF887-AF48-44D9-B299-835F213FBBB1} = {99094C62-1EF6-4395-9E83-990BE2C60202}
		{DFCF9F89-740A-4878-B74A-5E500899DDFA} = {380E28E4-42EA-4EFC-8DD9-E2CFDC245709}
	EndGlobalSection
	GlobalSection(ExtensibilityGlobals) = postSolution
		SolutionGuid = {3910553A-A228-47E3-B8BC-C6ABA09805C3}
	EndGlobalSection
EndGlobal
